
Microsoft Visual Studio Solution File, Format Version 12.00
# Visual Studio Version 17
VisualStudioVersion = 17.14.36221.1 d17.14
MinimumVisualStudioVersion = 10.0.40219.1
Project("{FAE04EC0-301F-11D3-BF4B-00C04F79EFBC}") = "AppControleFinanceiro", "AppControleFinanceiro.csproj", "{BFD5A690-4B31-42A4-8240-16DFEC487496}"
EndProject
Global
	GlobalSection(SolutionConfigurationPlatforms) = preSolution
		Debug|Any CPU = Debug|Any CPU
		Release|Any CPU = Release|Any CPU
	EndGlobalSection
	GlobalSection(ProjectConfigurationPlatforms) = postSolution
		{BFD5A690-4B31-42A4-8240-16DFEC487496}.Debug|Any CPU.ActiveCfg = Debug|Any CPU
		{BFD5A690-4B31-42A4-8240-16DFEC487496}.Debug|Any CPU.Build.0 = Debug|Any CPU
		{BFD5A690-4B31-42A4-8240-16DFEC487496}.Release|Any CPU.ActiveCfg = Release|Any CPU
		{BFD5A690-4B31-42A4-8240-16DFEC487496}.Release|Any CPU.Build.0 = Release|Any CPU
	EndGlobalSection
	GlobalSection(SolutionProperties) = preSolution
		HideSolutionNode = FALSE
	EndGlobalSection
	GlobalSection(ExtensibilityGlobals) = postSolution
		SolutionGuid = {83817BF2-4421-4434-B290-B905DE7C5E6C}
	EndGlobalSection
EndGlobal
